
Microsoft Visual Studio Solution File, Format Version 12.00
# Visual Studio 15
VisualStudioVersion = 15.0.27428.2027
MinimumVisualStudioVersion = 10.0.40219.1
Project("{2150E333-8FDC-42A3-9474-1A3956D46DE8}") = "src", "src", "{13D016EA-39A4-4A00-9A3B-EFC9725EC62F}"
EndProject
Project("{9A19103F-16F7-4668-BE54-9A1E7A4F7556}") = "UCoverme", "src\UCoverme\UCoverme.csproj", "{2A2AAA05-3AB3-4EC1-8C84-84F5A9ABA998}"
EndProject
Project("{9A19103F-16F7-4668-BE54-9A1E7A4F7556}") = "UCoverme.DataCollector", "src\UCoverme.DataCollector\UCoverme.DataCollector.csproj", "{8991449C-5923-4CC5-AC94-756F2B4164B6}"
EndProject
Project("{2150E333-8FDC-42A3-9474-1A3956D46DE8}") = "test", "test", "{2080555E-F079-4565-9C8A-BDD6D8FEF556}"
EndProject
Project("{9A19103F-16F7-4668-BE54-9A1E7A4F7556}") = "TestLibrary", "test\TestLibrary\TestLibrary.csproj", "{1B277269-88A5-42CB-B778-F08D36681934}"
EndProject
Project("{9A19103F-16F7-4668-BE54-9A1E7A4F7556}") = "TestLibrary.Tests.Nunit", "test\TestLibrary.Tests.Nunit\TestLibrary.Tests.Nunit.csproj", "{99B98BB8-1776-43CD-859A-673A82B6BCCD}"
EndProject
Project("{FAE04EC0-301F-11D3-BF4B-00C04F79EFBC}") = "TestLibrary.Tests.Xunit", "test\TestLibrary.Tests.Xunit\TestLibrary.Tests.Xunit.csproj", "{F52AF678-ACB2-44EC-B848-A630F4A65311}"
EndProject
Global
	GlobalSection(SolutionConfigurationPlatforms) = preSolution
		Debug|Any CPU = Debug|Any CPU
		Release|Any CPU = Release|Any CPU
	EndGlobalSection
	GlobalSection(ProjectConfigurationPlatforms) = postSolution
		{2A2AAA05-3AB3-4EC1-8C84-84F5A9ABA998}.Debug|Any CPU.ActiveCfg = Debug|Any CPU
		{2A2AAA05-3AB3-4EC1-8C84-84F5A9ABA998}.Debug|Any CPU.Build.0 = Debug|Any CPU
		{2A2AAA05-3AB3-4EC1-8C84-84F5A9ABA998}.Release|Any CPU.ActiveCfg = Release|Any CPU
		{2A2AAA05-3AB3-4EC1-8C84-84F5A9ABA998}.Release|Any CPU.Build.0 = Release|Any CPU
		{8991449C-5923-4CC5-AC94-756F2B4164B6}.Debug|Any CPU.ActiveCfg = Debug|Any CPU
		{8991449C-5923-4CC5-AC94-756F2B4164B6}.Debug|Any CPU.Build.0 = Debug|Any CPU
		{8991449C-5923-4CC5-AC94-756F2B4164B6}.Release|Any CPU.ActiveCfg = Release|Any CPU
		{8991449C-5923-4CC5-AC94-756F2B4164B6}.Release|Any CPU.Build.0 = Release|Any CPU
		{1B277269-88A5-42CB-B778-F08D36681934}.Debug|Any CPU.ActiveCfg = Debug|Any CPU
		{1B277269-88A5-42CB-B778-F08D36681934}.Debug|Any CPU.Build.0 = Debug|Any CPU
		{1B277269-88A5-42CB-B778-F08D36681934}.Release|Any CPU.ActiveCfg = Release|Any CPU
		{1B277269-88A5-42CB-B778-F08D36681934}.Release|Any CPU.Build.0 = Release|Any CPU
		{99B98BB8-1776-43CD-859A-673A82B6BCCD}.Debug|Any CPU.ActiveCfg = Debug|Any CPU
		{99B98BB8-1776-43CD-859A-673A82B6BCCD}.Debug|Any CPU.Build.0 = Debug|Any CPU
		{99B98BB8-1776-43CD-859A-673A82B6BCCD}.Release|Any CPU.ActiveCfg = Release|Any CPU
		{99B98BB8-1776-43CD-859A-673A82B6BCCD}.Release|Any CPU.Build.0 = Release|Any CPU
		{F52AF678-ACB2-44EC-B848-A630F4A65311}.Debug|Any CPU.ActiveCfg = Debug|Any CPU
		{F52AF678-ACB2-44EC-B848-A630F4A65311}.Debug|Any CPU.Build.0 = Debug|Any CPU
		{F52AF678-ACB2-44EC-B848-A630F4A65311}.Release|Any CPU.ActiveCfg = Release|Any CPU
		{F52AF678-ACB2-44EC-B848-A630F4A65311}.Release|Any CPU.Build.0 = Release|Any CPU
	EndGlobalSection
	GlobalSection(SolutionProperties) = preSolution
		HideSolutionNode = FALSE
	EndGlobalSection
	GlobalSection(NestedProjects) = preSolution
		{2A2AAA05-3AB3-4EC1-8C84-84F5A9ABA998} = {13D016EA-39A4-4A00-9A3B-EFC9725EC62F}
		{8991449C-5923-4CC5-AC94-756F2B4164B6} = {13D016EA-39A4-4A00-9A3B-EFC9725EC62F}
		{1B277269-88A5-42CB-B778-F08D36681934} = {2080555E-F079-4565-9C8A-BDD6D8FEF556}
		{99B98BB8-1776-43CD-859A-673A82B6BCCD} = {2080555E-F079-4565-9C8A-BDD6D8FEF556}
		{F52AF678-ACB2-44EC-B848-A630F4A65311} = {2080555E-F079-4565-9C8A-BDD6D8FEF556}
	EndGlobalSection
	GlobalSection(ExtensibilityGlobals) = postSolution
		SolutionGuid = {A0D69FA0-350B-4F48-90D5-233DD9A3F566}
	EndGlobalSection
EndGlobal
